
Microsoft Visual Studio Solution File, Format Version 12.00
# Visual Studio Version 16
VisualStudioVersion = 16.0.28917.181
MinimumVisualStudioVersion = 10.0.40219.1
Project("{FAE04EC0-301F-11D3-BF4B-00C04F79EFBC}") = "HostelApp", "HostelApp\HostelApp.csproj", "{477D193F-BE44-4F84-A245-E478819490F2}"
EndProject
Global
	GlobalSection(SolutionConfigurationPlatforms) = preSolution
		Debug|Any CPU = Debug|Any CPU
		Release|Any CPU = Release|Any CPU
	EndGlobalSection
	GlobalSection(ProjectConfigurationPlatforms) = postSolution
		{477D193F-BE44-4F84-A245-E478819490F2}.Debug|Any CPU.ActiveCfg = Debug|Any CPU
		{477D193F-BE44-4F84-A245-E478819490F2}.Debug|Any CPU.Build.0 = Debug|Any CPU
		{477D193F-BE44-4F84-A245-E478819490F2}.Release|Any CPU.ActiveCfg = Release|Any CPU
		{477D193F-BE44-4F84-A245-E478819490F2}.Release|Any CPU.Build.0 = Release|Any CPU
	EndGlobalSection
	GlobalSection(SolutionProperties) = preSolution
		HideSolutionNode = FALSE
	EndGlobalSection
	GlobalSection(ExtensibilityGlobals) = postSolution
		SolutionGuid = {D27E99B1-6BA7-4EB2-AFC2-3831DF83ECA4}
	EndGlobalSection
EndGlobal
